{
  "name": "nodejs",
  "lockfileVersion": 2,
  "requires": true,
  "packages": {
    "": {
      "dependencies": {
        "filesize": "^10.0.7"
      }
    },
    "node_modules/filesize": {
      "version": "10.0.7",
      "resolved": "https://registry.npmjs.org/filesize/-/filesize-10.0.7.tgz",
      "integrity": "sha512-iMRG7Qo9nayLoU3PNCiLizYtsy4W1ClrapeCwEgtiQelOAOuRJiw4QaLI+sSr8xr901dgHv+EYP2bCusGZgoiA==",
      "engines": {
        "node": ">= 10.4.0"
      }
    }
  },
  "dependencies": {
    "filesize": {
      "version": "10.0.7",
      "resolved": "https://registry.npmjs.org/filesize/-/filesize-10.0.7.tgz",
      "integrity": "sha512-iMRG7Qo9nayLoU3PNCiLizYtsy4W1ClrapeCwEgtiQelOAOuRJiw4QaLI+sSr8xr901dgHv+EYP2bCusGZgoiA=="
    }
  }
}
